PODS:
  - AEXML (4.3.3)
  - Alamofire (4.7.3)
  - CocoaLumberjack (3.4.2):
    - CocoaLumberjack/Default (= 3.4.2)
    - CocoaLumberjack/Extensions (= 3.4.2)
  - CocoaLumberjack/Default (3.4.2)
  - CocoaLumberjack/Extensions (3.4.2):
    - CocoaLumberjack/Default
  - DropDown (2.3.12)
  - GoogleMaps (2.7.0):
    - GoogleMaps/Maps (= 2.7.0)
  - GoogleMaps/Base (2.7.0)
  - GoogleMaps/Maps (2.7.0):
    - GoogleMaps/Base
  - GooglePlaces (2.7.0):
    - GoogleMaps/Base (= 2.7.0)
  - Kingfisher (4.6.4)
  - MapViewPlus (0.1.2):
    - Kingfisher (~> 4.6.3)
  - Material (2.16.4):
    - Material/Core (= 2.16.4)
  - Material/Core (2.16.4):
    - Motion (~> 1.4.3)
  - Motion (1.4.3):
    - Motion/Core (= 1.4.3)
  - Motion/Core (1.4.3)
  - SBJson (4.0.5)
  - SocketRocket (0.5.1)
  - Starscream (2.1.1)
  - SVProgressHUD (2.2.5)
  - SwiftyJSON (4.2.0)
  - Toast-Swift (4.0.0)
  - WebRTC (63.11.20455)
  - Zip (1.1.0)

DEPENDENCIES:
  - AEXML
  - Alamofire (~> 4.7)
  - CocoaLumberjack
  - DropDown
  - GoogleMaps
  - GooglePlaces
  - MapViewPlus
  - Material
  - SBJson (~> 4.0.2)
  - SocketRocket
  - Starscream (~> 2.1)
  - SVProgressHUD
  - SwiftyJSON
  - Toast-Swift
  - WebRTC
  - Zip (~> 1.1)

SPEC REPOS:
  https://github.com/cocoapods/specs.git:
    - AEXML
    - Alamofire
    - CocoaLumberjack
    - DropDown
    - GoogleMaps
    - GooglePlaces
    - Kingfisher
    - MapViewPlus
    - Material
    - Motion
    - SBJson
    - SocketRocket
    - Starscream
    - SVProgressHUD
    - SwiftyJSON
    - Toast-Swift
    - WebRTC
    - Zip

SPEC CHECKSUMS:
  AEXML: 601f41fcaa7bda7605cad153b0f43db9ec006c0f
  Alamofire: c7287b6e5d7da964a70935e5db17046b7fde6568
  CocoaLumberjack: db7cc9e464771f12054c22ff6947c5a58d43a0fd
  DropDown: 0bcc278799ec11a3d34ce1aac9367fbbaf5423d9
  GoogleMaps: f79af95cb24d869457b1f961c93d3ce8b2f3b848
  GooglePlaces: 3d06e6c99654545b4738ce49648745779c25f2ef
  Kingfisher: 68498a706e46c2a050b0c9572f100e5db407f6e0
  MapViewPlus: 4e448279f98297f007cb16904a244a525b3c9d5e
  Material: 4ed78690b09ffd148b5ffab6b4367fb1d8da1cd3
  Motion: 153ba49692997888556c7a95207278a8b1f8be95
  SBJson: af3137ccda22be3004487524da0a071c75d4251b
  SocketRocket: d57c7159b83c3c6655745cd15302aa24b6bae531
  Starscream: 142bd8ef24592d985daee9fa48c936070b85b15f
  SVProgressHUD: 1428aafac632c1f86f62aa4243ec12008d7a51d6
  SwiftyJSON: c4bcba26dd9ec7a027fc8eade48e2c911f229e96
  Toast-Swift: 594b5c5e5129f15438e410207e43287f027b3c00
  WebRTC: f2a6203584745fe53532633397557876b5d71640
  Zip: 8877eede3dda76bcac281225c20e71c25270774c

PODFILE CHECKSUM: 5d1cca89c66d36bcbd7bb4b1a72c088a3efe7606

COCOAPODS: 1.5.3
